<?xml version="1.0" encoding="utf-8"?>
<Project ToolsVersion="4.0" xmlns="http://schemas.microsoft.com/developer/msbuild/2003">
  <ItemGroup>
    <Filter Include="Header Files">
      <UniqueIdentifier>{93995380-89BD-4b04-88EB-625FBE52EBFB}</UniqueIdentifier>
      <Extensions>h;hh;hpp;hxx;hm;inl;inc;xsd</Extensions>
    </Filter>
    <Filter Include="Resource Files">
      <UniqueIdentifier>{67DA6AB6-F800-4c08-8B7A-83BB121AAD01}</UniqueIdentifier>
      <Extensions>rc;ico;cur;bmp;dlg;rc2;rct;bin;rgs;gif;jpg;jpeg;jpe;resx;tiff;tif;png;wav;mfcribbon-ms</Extensions>
    </Filter>
    <Filter Include="View">
      <UniqueIdentifier>{9ebc49eb-4059-450a-88a5-6a7760f41c98}</UniqueIdentifier>
    </Filter>
    <Filter Include="View\Header Files">
      <UniqueIdentifier>{3cc1795f-6f58-455f-be4d-c11d46dffedf}</UniqueIdentifier>
    </Filter>
    <Filter Include="View\Source Files">
      <UniqueIdentifier>{202b8b85-a4c8-4573-a8ab-ffe834eb8535}</UniqueIdentifier>
    </Filter>
    <Filter Include="ViewModel">
      <UniqueIdentifier>{ceef0c0e-5958-4496-a24e-51f1c4ddaed7}</UniqueIdentifier>
    </Filter>
    <Filter Include="ViewModel\Header Files">
      <UniqueIdentifier>{a8d7df1b-f33f-4810-8582-cb48638a9511}</UniqueIdentifier>
    </Filter>
    <Filter Include="ViewModel\Source Files">
      <UniqueIdentifier>{2c1cca0a-4d7b-47c5-b5e2-7c18e7647ce2}</UniqueIdentifier>
    </Filter>
    <Filter Include="DataModel">
      <UniqueIdentifier>{7a7177ea-0b0e-4d0b-a857-4db7745d4652}</UniqueIdentifier>
    </Filter>
    <Filter Include="DataModel\Header Files">
      <UniqueIdentifier>{8176cbcc-f8fb-482a-8fa9-60599a5425a1}</UniqueIdentifier>
    </Filter>
    <Filter Include="DataModel\Source Files">
      <UniqueIdentifier>{c31adb56-0e80-4c25-9fce-808b6ba6f89d}</UniqueIdentifier>
    </Filter>
    <Filter Include="Config">
      <UniqueIdentifier>{95097bed-b79c-4b6b-a7d6-68a166bc797e}</UniqueIdentifier>
    </Filter>
    <Filter Include="Config\Header Files">
      <UniqueIdentifier>{1425c1ef-4f62-44fa-9f03-f203a69969d0}</UniqueIdentifier>
    </Filter>
    <Filter Include="Config\Source Files">
      <UniqueIdentifier>{ae40f3d0-748b-4925-b791-27426a2cd3e7}</UniqueIdentifier>
    </Filter>
    <Filter Include="DataModel\Source Files\Components">
      <UniqueIdentifier>{e6e7d001-fd36-4d6a-8e09-dac06f311bb5}</UniqueIdentifier>
    </Filter>
  </ItemGroup>
  <ItemGroup>
    <Text Include="ReadMe.txt" />
  </ItemGroup>
  <ItemGroup>
    <ClInclude Include="iStateManager.h">
      <Filter>View\Header Files</Filter>
    </ClInclude>
    <ClInclude Include="targetver.h">
      <Filter>Config\Header Files</Filter>
    </ClInclude>
    <ClInclude Include="stdafx.h">
      <Filter>Config\Header Files</Filter>
    </ClInclude>
    <ClInclude Include="ComponentManager.h">
      <Filter>ViewModel\Header Files</Filter>
    </ClInclude>
    <ClInclude Include="externals.h">
      <Filter>Config\Header Files</Filter>
    </ClInclude>
    <ClInclude Include="ComponentDetails.h">
      <Filter>ViewModel\Header Files</Filter>
    </ClInclude>
    <ClInclude Include="cComponentEngine.h">
      <Filter>View\Header Files</Filter>
    </ClInclude>
    <ClInclude Include="global.h">
      <Filter>View\Header Files</Filter>
    </ClInclude>
  </ItemGroup>
  <ItemGroup>
    <ClCompile Include="dllmain.cpp">
      <Filter>Config\Source Files</Filter>
    </ClCompile>
    <ClCompile Include="stdafx.cpp">
      <Filter>Config\Source Files</Filter>
    </ClCompile>
    <ClCompile Include="cComponentEngine.cpp">
      <Filter>View\Source Files</Filter>
    </ClCompile>
    <ClCompile Include="ComponentManager.cpp">
      <Filter>View\Source Files</Filter>
    </ClCompile>
    <ClCompile Include="global.cpp">
      <Filter>View\Source Files</Filter>
    </ClCompile>
    <ClCompile Include="Components.cpp">
      <Filter>DataModel\Source Files\Components</Filter>
    </ClCompile>
  </ItemGroup>
  <ItemGroup>
    <None Include="ClassDiagram1.cd" />
  </ItemGroup>
</Project>