<?xml version="1.0" encoding="utf-8"?>
<Project ToolsVersion="4.0" xmlns="http://schemas.microsoft.com/developer/msbuild/2003">
  <ItemGroup>
    <Filter Include="Source Files">
      <UniqueIdentifier>{4FC737F1-C7A5-4376-A066-2A32D752A2FF}</UniqueIdentifier>
      <Extensions>cpp;c;cc;cxx;def;odl;idl;hpj;bat;asm;asmx</Extensions>
    </Filter>
    <Filter Include="Header Files">
      <UniqueIdentifier>{93995380-89BD-4b04-88EB-625FBE52EBFB}</UniqueIdentifier>
      <Extensions>h;hh;hpp;hxx;hm;inl;inc;xsd</Extensions>
    </Filter>
    <Filter Include="Resource Files">
      <UniqueIdentifier>{67DA6AB6-F800-4c08-8B7A-83BB121AAD01}</UniqueIdentifier>
      <Extensions>rc;ico;cur;bmp;dlg;rc2;rct;bin;rgs;gif;jpg;jpeg;jpe;resx;tiff;tif;png;wav;mfcribbon-ms</Extensions>
    </Filter>
    <Filter Include="Config">
      <UniqueIdentifier>{1ddf2a9b-7ba2-4155-ad08-4b5e967c1649}</UniqueIdentifier>
    </Filter>
    <Filter Include="Config\Header Files">
      <UniqueIdentifier>{efe5fc82-2242-4bb0-8338-d06327ed22b9}</UniqueIdentifier>
    </Filter>
    <Filter Include="Config\Source Files">
      <UniqueIdentifier>{d8b92e53-cda6-424d-a576-55f675b88b18}</UniqueIdentifier>
    </Filter>
  </ItemGroup>
  <ItemGroup>
    <Text Include="ReadMe.txt" />
  </ItemGroup>
  <ItemGroup>
    <ClInclude Include="cTestEngine.h">
      <Filter>Header Files</Filter>
    </ClInclude>
    <ClInclude Include="externals.h">
      <Filter>Header Files</Filter>
    </ClInclude>
    <ClInclude Include="cBlackBoxTests.h">
      <Filter>Header Files</Filter>
    </ClInclude>
    <ClInclude Include="stdafx.h">
      <Filter>Config\Header Files</Filter>
    </ClInclude>
    <ClInclude Include="targetver.h">
      <Filter>Config\Header Files</Filter>
    </ClInclude>
  </ItemGroup>
  <ItemGroup>
    <ClCompile Include="cTestEngine.cpp">
      <Filter>Source Files</Filter>
    </ClCompile>
    <ClCompile Include="cBlackBoxTests.cpp">
      <Filter>Source Files</Filter>
    </ClCompile>
    <ClCompile Include="dllmain.cpp">
      <Filter>Config\Source Files</Filter>
    </ClCompile>
    <ClCompile Include="stdafx.cpp">
      <Filter>Config\Source Files</Filter>
    </ClCompile>
  </ItemGroup>
</Project>