<?xml version="1.0" encoding="utf-8"?>
<Project ToolsVersion="4.0" xmlns="http://schemas.microsoft.com/developer/msbuild/2003">
  <ItemGroup>
    <ClCompile Include="global.cpp">
      <Filter>Source Files</Filter>
    </ClCompile>
    <ClCompile Include="callbacks.cpp">
      <Filter>Source Files</Filter>
    </ClCompile>
    <ClCompile Include="cCamera.cpp">
      <Filter>Source Files\Entites</Filter>
    </ClCompile>
    <ClCompile Include="cMeshManager.cpp">
      <Filter>Source Files\Managers</Filter>
    </ClCompile>
    <ClCompile Include="cShaderManager.cpp">
      <Filter>Source Files\Managers</Filter>
    </ClCompile>
    <ClCompile Include="cEntityManager.cpp">
      <Filter>Source Files\Managers</Filter>
    </ClCompile>
    <ClCompile Include="cTextureManager.cpp">
      <Filter>Source Files\Managers</Filter>
    </ClCompile>
    <ClCompile Include="cSoundManager.cpp">
      <Filter>Source Files\Managers</Filter>
    </ClCompile>
    <ClCompile Include="cComponentManager.cpp">
      <Filter>Source Files\Managers</Filter>
    </ClCompile>
    <ClCompile Include="RenderableComponents.cpp">
      <Filter>Source Files\Components</Filter>
    </ClCompile>
    <ClCompile Include="ControlComponents.cpp">
      <Filter>Source Files\Components</Filter>
    </ClCompile>
    <ClCompile Include="EmitterComponents.cpp">
      <Filter>Source Files\Components</Filter>
    </ClCompile>
    <ClCompile Include="LuaComponents.cpp">
      <Filter>Source Files\Components</Filter>
    </ClCompile>
    <ClCompile Include="main.cpp">
      <Filter>Source Files</Filter>
    </ClCompile>
    <ClCompile Include="cPathFindingManager.cpp">
      <Filter>Source Files\Managers</Filter>
    </ClCompile>
    <ClCompile Include="cXML_Utils.cpp">
      <Filter>Source Files\Utilities</Filter>
    </ClCompile>
    <ClCompile Include="cWorld.cpp">
      <Filter>Source Files\Entites</Filter>
    </ClCompile>
  </ItemGroup>
  <ItemGroup>
    <ClInclude Include="global.h">
      <Filter>Header Files</Filter>
    </ClInclude>
    <ClInclude Include="cCamera.h">
      <Filter>Header Files\Entities</Filter>
    </ClInclude>
    <ClInclude Include="cEntityManager.h">
      <Filter>Header Files\Managers</Filter>
    </ClInclude>
    <ClInclude Include="cMeshManager.h">
      <Filter>Header Files\Managers</Filter>
    </ClInclude>
    <ClInclude Include="cTextureManager.h">
      <Filter>Header Files\Managers</Filter>
    </ClInclude>
    <ClInclude Include="cShaderManager.h">
      <Filter>Header Files\Managers</Filter>
    </ClInclude>
    <ClInclude Include="cSoundManager.h">
      <Filter>Header Files\Managers</Filter>
    </ClInclude>
    <ClInclude Include="cComponentManager.h">
      <Filter>Header Files\Components</Filter>
    </ClInclude>
    <ClInclude Include="cComponentDetails.h">
      <Filter>Header Files\Components</Filter>
    </ClInclude>
    <ClInclude Include="cPathFindingManager.h">
      <Filter>Header Files\Managers</Filter>
    </ClInclude>
    <ClInclude Include="cXML_Utils.h">
      <Filter>Header Files\Utilities</Filter>
    </ClInclude>
    <ClInclude Include="cWorld.h">
      <Filter>Header Files\Entities</Filter>
    </ClInclude>
    <ClInclude Include="cTexture.h">
      <Filter>Header Files\Entities</Filter>
    </ClInclude>
    <ClInclude Include="cLight.h">
      <Filter>Header Files\Entities</Filter>
    </ClInclude>
    <ClInclude Include="cMesh.h">
      <Filter>Header Files\Entities</Filter>
    </ClInclude>
    <ClInclude Include="externals.h">
      <Filter>Header Files</Filter>
    </ClInclude>
    <ClInclude Include="cVec.h" />
  </ItemGroup>
  <ItemGroup>
    <None Include="SimpleShader.vert">
      <Filter>Shaders</Filter>
    </None>
    <None Include="SimpleShader.frag">
      <Filter>Shaders</Filter>
    </None>
    <None Include="Skybox.vs.glsl">
      <Filter>Shaders</Filter>
    </None>
    <None Include="Skybox.fs.glsl">
      <Filter>Shaders</Filter>
    </None>
    <None Include="SimpleShader.geom">
      <Filter>Shaders</Filter>
    </None>
    <None Include="Physics.frag">
      <Filter>Shaders</Filter>
    </None>
    <None Include="Physics.vert">
      <Filter>Shaders</Filter>
    </None>
    <None Include="Physics.geom">
      <Filter>Shaders</Filter>
    </None>
    <None Include="spider.lua">
      <Filter>Lua Scripts</Filter>
    </None>
    <None Include="MoveTo.lua">
      <Filter>Lua Scripts</Filter>
    </None>
    <None Include="BaseController.lua">
      <Filter>Lua Scripts</Filter>
    </None>
  </ItemGroup>
  <ItemGroup>
    <Filter Include="Shaders">
      <UniqueIdentifier>{e16065f5-1231-4f1d-b3f0-04833f5bc22f}</UniqueIdentifier>
    </Filter>
    <Filter Include="Header Files">
      <UniqueIdentifier>{7e714ac0-613e-4867-981a-efc633bf97ce}</UniqueIdentifier>
    </Filter>
    <Filter Include="Header Files\Entities">
      <UniqueIdentifier>{f153b383-e9d5-4e24-b459-1c5e08049c0a}</UniqueIdentifier>
    </Filter>
    <Filter Include="Header Files\Managers">
      <UniqueIdentifier>{2b22bf04-160b-4824-9aad-d603255ab73a}</UniqueIdentifier>
    </Filter>
    <Filter Include="Header Files\Components">
      <UniqueIdentifier>{5ddf3c36-e24b-48dc-9883-01c96252bc14}</UniqueIdentifier>
    </Filter>
    <Filter Include="Lua Scripts">
      <UniqueIdentifier>{ed06a475-b7b9-485b-8cf9-24d9a12a37a2}</UniqueIdentifier>
    </Filter>
    <Filter Include="Source Files">
      <UniqueIdentifier>{bbe34c34-d473-4e37-af7f-5cd20f0e9f71}</UniqueIdentifier>
    </Filter>
    <Filter Include="Source Files\Entites">
      <UniqueIdentifier>{501c0d69-6401-47de-9648-f9a04f2b0d85}</UniqueIdentifier>
    </Filter>
    <Filter Include="Source Files\Managers">
      <UniqueIdentifier>{8d314fef-c4f5-4a49-9137-569cfd0aa925}</UniqueIdentifier>
    </Filter>
    <Filter Include="Source Files\Components">
      <UniqueIdentifier>{91aefe06-7837-4fa8-9028-6f91fe74d258}</UniqueIdentifier>
    </Filter>
    <Filter Include="Header Files\Utilities">
      <UniqueIdentifier>{d1f2ca67-e429-4bdf-b608-0b918e8bbaad}</UniqueIdentifier>
    </Filter>
    <Filter Include="Source Files\Utilities">
      <UniqueIdentifier>{2776231c-b121-48de-8ad0-9e2ca6977666}</UniqueIdentifier>
    </Filter>
  </ItemGroup>
  <ItemGroup>
    <Xml Include="GameAssets.xml" />
  </ItemGroup>
</Project>